{
    "_readme": [
        "This file locks the dependencies of your project to a known state",
        "Read more about it at https://getcomposer.org/doc/01-basic-usage.md#installing-dependencies",
        "This file is @generated automatically"
    ],
    "content-hash": "ccd45c1e49c89d9d23088b1f38905d48",
    "packages": [
        {
            "name": "coffeekraken/s-frontspec",
            "version": "2.0.0-alpha.20",
            "dist": {
                "type": "path",
                "url": "../../core/s-frontspec",
                "reference": "10540a76e356c65c069772124200b3e202655b49"
            },
            "type": "library",
            "autoload": {
                "files": [
                    "src/php/autoload.php"
                ]
            },
            "homepage": "https://coffeekraken.io",
            "transport-options": {
                "relative": true
            }
        }
    ],
    "packages-dev": [],
    "aliases": [],
    "minimum-stability": "stable",
    "stability-flags": {
        "coffeekraken/s-frontspec": 15
    },
    "prefer-stable": false,
    "prefer-lowest": false,
    "platform": [],
    "platform-dev": [],
    "plugin-api-version": "2.2.0"
}
