{
    "_readme": [
        "This file locks the dependencies of your project to a known state",
        "Read more about it at https://getcomposer.org/doc/01-basic-usage.md#installing-dependencies",
        "This file is @generated automatically"
    ],
    "content-hash": "aee6ef0881b9fc884cd8c6c9432cd8fa",
    "packages": [
        {
            "name": "coffeekraken/s-frontspec",
            "version": "2.0.0-alpha.21",
            "dist": {
                "type": "path",
                "url": "../../core/s-frontspec",
                "reference": "c11aea42c6e6d082ea6da1d8b157a4fa9b233f4d"
            },
            "type": "library",
            "autoload": {
                "files": [
                    "src/php/autoload.php"
                ]
            },
            "homepage": "https://coffeekraken.io",
            "transport-options": {
                "relative": true
            }
        }
    ],
    "packages-dev": [],
    "aliases": [],
    "minimum-stability": "stable",
    "stability-flags": {
        "coffeekraken/s-frontspec": 15
    },
    "prefer-stable": false,
    "prefer-lowest": false,
    "platform": [],
    "platform-dev": [],
    "plugin-api-version": "2.3.0"
}
