# THIS IS AN AUTOGENERATED FILE. DO NOT EDIT THIS FILE DIRECTLY.
# yarn lockfile v1


minisearch@^3.0.4:
  version "3.0.4"
  resolved "https://registry.yarnpkg.com/minisearch/-/minisearch-3.0.4.tgz#a676ca6c6c38230e26ef32eb6ff0c8067b4780eb"
  integrity sha512-Pppssxzghr+hQ9HVNMUqNiIWaBrXXhwEZTeCUOK7GIWtZEHM+hTBlypaqP/uXnSrye9y4CNv6Ex9e7pH+wATxA==
