{
  "name": "@coffeekraken/text-intro",
  "version": "1.0.1",
  "lockfileVersion": 1,
  "requires": true,
  "dependencies": {
    "@coffeekraken/sugar": {
      "version": "1.0.4",
      "resolved": "https://registry.npmjs.org/@coffeekraken/sugar/-/sugar-1.0.4.tgz",
      "integrity": "sha512-fC1olCYEV1pJqO5KTwRpRKEw6QmravWUbz3DfYDr1EMO4+mFqxrlEwZ5b2WaipVAjjNowGGNy3VB+aDlVL9N5Q==",
      "requires": {
        "@ungap/custom-elements-builtin": "^0.1.2",
        "core-js": "^3.4.7",
        "custom-event": "^1.0.1",
        "document-register-element": "^1.14.3",
        "domready": "^1.0.8",
        "es6-object-assign": "^1.1.0",
        "fastdom": "^1.0.9",
        "form-serialize": "^0.7.2",
        "fs-extra": "^6.0.1",
        "hotkeys-js": "^3.7.3",
        "lodash": "^4.17.15",
        "mobile-detect": "^1.4.4",
        "on-change": "^1.6.2",
        "rxjs": "^5.5.12",
        "simple-ajax": "^2.6.0",
        "sprintf-js": "^1.1.2",
        "url-parse": "^1.4.7"
      },
      "dependencies": {
        "fs-extra": {
          "version": "6.0.1",
          "resolved": "https://registry.npmjs.org/fs-extra/-/fs-extra-6.0.1.tgz",
          "integrity": "sha512-GnyIkKhhzXZUWFCaJzvyDLEEgDkPfb4/TPvJCJVuS8MWZgoSsErf++QpiAlDnKFcqhRlm+tIOcencCjyJE6ZCA==",
          "requires": {
            "graceful-fs": "^4.1.2",
            "jsonfile": "^4.0.0",
            "universalify": "^0.1.0"
          }
        }
      }
    },
    "@ungap/custom-elements-builtin": {
      "version": "0.1.2",
      "resolved": "https://registry.npmjs.org/@ungap/custom-elements-builtin/-/custom-elements-builtin-0.1.2.tgz",
      "integrity": "sha512-QGMQadtntVF2CUHkmTPGy6U3n/HsmwySIwSoMLdu8lhnpXJLT5nGhZK4DYHzlSNRFcTBZhFZvQCa0z2fLCWv1Q=="
    },
    "core-js": {
      "version": "3.5.0",
      "resolved": "https://registry.npmjs.org/core-js/-/core-js-3.5.0.tgz",
      "integrity": "sha512-Ifh3kj78gzQ7NAoJXeTu+XwzDld0QRIwjBLRqAMhuLhP3d2Av5wmgE9ycfnvK6NAEjTkQ1sDPeoEZAWO3Hx1Uw=="
    },
    "custom-event": {
      "version": "1.0.1",
      "resolved": "https://registry.npmjs.org/custom-event/-/custom-event-1.0.1.tgz",
      "integrity": "sha1-XQKkaFCt8bSjF5RqOSj8y1v9BCU="
    },
    "document-register-element": {
      "version": "1.14.3",
      "resolved": "https://registry.npmjs.org/document-register-element/-/document-register-element-1.14.3.tgz",
      "integrity": "sha512-SbJTzoQXLTcYxnpdDNRZXu/gwsGSShemXpvj6Pa6ujRwJFpJ41siil4tk4y+cQXnqylS6mc2Rtxp/PkMzfkqyQ==",
      "requires": {
        "lightercollective": "^0.3.0"
      }
    },
    "domready": {
      "version": "1.0.8",
      "resolved": "https://registry.npmjs.org/domready/-/domready-1.0.8.tgz",
      "integrity": "sha1-kfJS5Ze2Wvd+dFriTdAYXV4m1Yw="
    },
    "es6-object-assign": {
      "version": "1.1.0",
      "resolved": "https://registry.npmjs.org/es6-object-assign/-/es6-object-assign-1.1.0.tgz",
      "integrity": "sha1-wsNYJlYkfDnqEHyx5mUrb58kUjw="
    },
    "fastdom": {
      "version": "1.0.9",
      "resolved": "https://registry.npmjs.org/fastdom/-/fastdom-1.0.9.tgz",
      "integrity": "sha512-SSp4fbVzu8JkkG01NUX+0iOwe9M5PN3MGIQ84txLf4TkkJG4q30khkzumKgi4hUqO1+jX6wLHfnCPoZ6eSZ6Tg==",
      "requires": {
        "strictdom": "^1.0.1"
      }
    },
    "form-serialize": {
      "version": "0.7.2",
      "resolved": "https://registry.npmjs.org/form-serialize/-/form-serialize-0.7.2.tgz",
      "integrity": "sha1-sKL/DCICb7bT0VydM/beakMuRzI="
    },
    "fs-extra": {
      "version": "8.1.0",
      "resolved": "https://registry.npmjs.org/fs-extra/-/fs-extra-8.1.0.tgz",
      "integrity": "sha512-yhlQgA6mnOJUKOsRUFsgJdQCvkKhcz8tlZG5HBQfReYZy46OwLcY+Zia0mtdHsOo9y/hP+CxMN0TU9QxoOtG4g==",
      "requires": {
        "graceful-fs": "^4.2.0",
        "jsonfile": "^4.0.0",
        "universalify": "^0.1.0"
      }
    },
    "graceful-fs": {
      "version": "4.2.3",
      "resolved": "https://registry.npmjs.org/graceful-fs/-/graceful-fs-4.2.3.tgz",
      "integrity": "sha512-a30VEBm4PEdx1dRB7MFK7BejejvCvBronbLjht+sHuGYj8PHs7M/5Z+rt5lw551vZ7yfTCj4Vuyy3mSJytDWRQ=="
    },
    "hotkeys-js": {
      "version": "3.7.3",
      "resolved": "https://registry.npmjs.org/hotkeys-js/-/hotkeys-js-3.7.3.tgz",
      "integrity": "sha512-CSaeVPAKEEYNexYR35znMJnCqoofk7oqG/AOOqWow1qDT0Yxy+g+Y8Hs/LhGlsZaSJ7973YN6/N41LAr3t30QQ=="
    },
    "jsonfile": {
      "version": "4.0.0",
      "resolved": "https://registry.npmjs.org/jsonfile/-/jsonfile-4.0.0.tgz",
      "integrity": "sha1-h3Gq4HmbZAdrdmQPygWPnBDjPss=",
      "requires": {
        "graceful-fs": "^4.1.6"
      }
    },
    "lightercollective": {
      "version": "0.3.0",
      "resolved": "https://registry.npmjs.org/lightercollective/-/lightercollective-0.3.0.tgz",
      "integrity": "sha512-RFOLSUVvwdK3xA0P8o6G7QGXLIyy1L2qv5caEI7zXN5ciaEjbAriRF182kbsoJ1S1TgvpyGcN485fMky6qxOPw=="
    },
    "lodash": {
      "version": "4.17.15",
      "resolved": "https://registry.npmjs.org/lodash/-/lodash-4.17.15.tgz",
      "integrity": "sha512-8xOcRHvCjnocdS5cpwXQXVzmmh5e5+saE2QGoeQmbKmRS6J3VQppPOIt0MnmE+4xlZoumy0GPG0D0MVIQbNA1A=="
    },
    "mobile-detect": {
      "version": "1.4.4",
      "resolved": "https://registry.npmjs.org/mobile-detect/-/mobile-detect-1.4.4.tgz",
      "integrity": "sha512-vTgEjKjS89C5yHL5qWPpT6BzKuOVqABp+A3Szpbx34pIy3sngxlGaFpgHhfj6fKze1w0QKeOSDbU7SKu7wDvRQ=="
    },
    "on-change": {
      "version": "1.6.2",
      "resolved": "https://registry.npmjs.org/on-change/-/on-change-1.6.2.tgz",
      "integrity": "sha512-PMIohH2WPA273fIfB+zyA7pkOmHNQxR6Z4xrDofgr5AGRhWRakGpmpb4cO3+N3wx9wkP929TO2J1w32qvzfsuA=="
    },
    "query-string": {
      "version": "1.0.1",
      "resolved": "https://registry.npmjs.org/query-string/-/query-string-1.0.1.tgz",
      "integrity": "sha1-Y6yVM1JJmtZwqWgadWgPa/PdH68="
    },
    "querystringify": {
      "version": "2.1.1",
      "resolved": "https://registry.npmjs.org/querystringify/-/querystringify-2.1.1.tgz",
      "integrity": "sha512-w7fLxIRCRT7U8Qu53jQnJyPkYZIaR4n5151KMfcJlO/A9397Wxb1amJvROTK6TOnp7PfoAmg/qXiNHI+08jRfA=="
    },
    "requires-port": {
      "version": "1.0.0",
      "resolved": "https://registry.npmjs.org/requires-port/-/requires-port-1.0.0.tgz",
      "integrity": "sha1-kl0mAdOaxIXgkc8NpcbmlNw9yv8="
    },
    "rxjs": {
      "version": "5.5.12",
      "resolved": "https://registry.npmjs.org/rxjs/-/rxjs-5.5.12.tgz",
      "integrity": "sha512-xx2itnL5sBbqeeiVgNPVuQQ1nC8Jp2WfNJhXWHmElW9YmrpS9UVnNzhP3EH3HFqexO5Tlp8GhYY+WEcqcVMvGw==",
      "requires": {
        "symbol-observable": "1.0.1"
      }
    },
    "simple-ajax": {
      "version": "2.6.0",
      "resolved": "https://registry.npmjs.org/simple-ajax/-/simple-ajax-2.6.0.tgz",
      "integrity": "sha1-ApSdYbXZqqk4KdflwPCmMnkp4UQ=",
      "requires": {
        "query-string": "^1.0.0"
      }
    },
    "sprintf-js": {
      "version": "1.1.2",
      "resolved": "https://registry.npmjs.org/sprintf-js/-/sprintf-js-1.1.2.tgz",
      "integrity": "sha512-VE0SOVEHCk7Qc8ulkWw3ntAzXuqf7S2lvwQaDLRnUeIEaKNQJzV6BwmLKhOqT61aGhfUMrXeaBk+oDGCzvhcug=="
    },
    "strictdom": {
      "version": "1.0.1",
      "resolved": "https://registry.npmjs.org/strictdom/-/strictdom-1.0.1.tgz",
      "integrity": "sha1-GJ3pFkn3PUTVm4Qy76aO+dJllGA="
    },
    "symbol-observable": {
      "version": "1.0.1",
      "resolved": "https://registry.npmjs.org/symbol-observable/-/symbol-observable-1.0.1.tgz",
      "integrity": "sha1-g0D8RwLDEi310iKI+IKD9RPT/dQ="
    },
    "universalify": {
      "version": "0.1.2",
      "resolved": "https://registry.npmjs.org/universalify/-/universalify-0.1.2.tgz",
      "integrity": "sha512-rBJeI5CXAlmy1pV+617WB9J63U6XcazHHF2f2dbJix4XzpUF0RS3Zbj0FGIOCAva5P/d/GBOYaACQ1w+0azUkg=="
    },
    "url-parse": {
      "version": "1.5.1",
      "resolved": "https://registry.npmjs.org/url-parse/-/url-parse-1.5.1.tgz",
      "integrity": "sha512-HOfCOUJt7iSYzEx/UqgtwKRMC6EU91NFhsCHMv9oM03VJcVo2Qrp8T8kI9D7amFf1cu+/3CEhgb3rF9zL7k85Q==",
      "requires": {
        "querystringify": "^2.1.1",
        "requires-port": "^1.0.0"
      }
    }
  }
}
