{
  "name": "@coffeekraken/share-webcomponent",
  "version": "1.0.1",
  "lockfileVersion": 1,
  "requires": true,
  "dependencies": {
    "sharer.npm.js": {
      "version": "0.0.10",
      "resolved": "https://registry.npmjs.org/sharer.npm.js/-/sharer.npm.js-0.0.10.tgz",
      "integrity": "sha1-SqgDjPxsahGbyLnEyalEWii0ZF8="
    }
  }
}
