{
  "name": "@coffeekraken/s-filtrable-input",
  "version": "1.0.0",
  "lockfileVersion": 1,
  "requires": true,
  "dependencies": {
    "aggregation": {
      "version": "1.2.6",
      "resolved": "https://registry.npmjs.org/aggregation/-/aggregation-1.2.6.tgz",
      "integrity": "sha512-TdxNrY8hHSwcK2YNl2wbvC4ybki79cQUgPZWQyer3WVSUOGZp0MzuutWxx/T+WR+aPC/sZW34092NTc2r6mCoA=="
    }
  }
}
